{
  "name": "thp-theme",
  "version": "1.0.0",
  "lockfileVersion": 2,
  "requires": true,
  "packages": {
    "": {
      "version": "1.0.0",
      "license": "Apache-2.0",
      "dependencies": {
        "@frontity/components": "^1.7.1",
        "@frontity/head-tags": "^1.1.1",
        "@frontity/html2react": "^1.6.1",
        "@frontity/yoast": "^2.1.1",
        "frontity": "^1.14.1"
      }
    },
    "node_modules/@babel/runtime": {
      "version": "7.12.18",
      "resolved": "https://registry.npmjs.org/@babel/runtime/-/runtime-7.12.18.tgz",
      "integrity": "sha512-BogPQ7ciE6SYAUPtlm9tWbgI9+2AgqSam6QivMgXgAT+fKbgppaj4ZX15MHeLC1PVF5sNk70huBu20XxWOs8Cg==",
      "dependencies": {
        "regenerator-runtime": "^0.13.4"
      }
    },
    "node_modules/@emotion/is-prop-valid": {
      "version": "1.0.0",
      "license": "MIT",
      "dependencies": {
        "@emotion/memoize": "^0.7.4"
      }
    },
    "node_modules/@emotion/serialize": {
      "version": "1.0.0",
      "license": "MIT",
      "dependencies": {
        "@emotion/hash": "^0.8.0",
        "@emotion/memoize": "^0.7.4",
        "@emotion/unitless": "^0.7.5",
        "@emotion/utils": "^1.0.0",
        "csstype": "^3.0.2"
      }
    },
    "node_modules/@emotion/styled": {
      "version": "11.0.0",
      "license": "MIT",
      "dependencies": {
        "@babel/runtime": "^7.7.2",
        "@emotion/babel-plugin": "^11.0.0",
        "@emotion/is-prop-valid": "^1.0.0",
        "@emotion/serialize": "^1.0.0",
        "@emotion/utils": "^1.0.0"
      },
      "peerDependencies": {
        "@babel/core": "^7.0.0",
        "@emotion/react": "^11.0.0-rc.0",
        "react": ">=16.8.0"
      },
      "peerDependenciesMeta": {
        "@babel/core": {
          "optional": true
        },
        "@types/react": {
          "optional": true
        }
      }
    },
    "node_modules/@emotion/utils": {
      "version": "1.0.0",
      "license": "MIT"
    },
    "node_modules/@frontity/components": {
      "version": "1.7.1",
      "resolved": "https://registry.npmjs.org/@frontity/components/-/components-1.7.1.tgz",
      "integrity": "sha512-TNr4NM8CHydGY8cSjTsw9oLR3uVLFHOamMLFVZBg5E0PHdtfkm+F1D4kNg/yq5Zpgc49yflJQ07WtYh38zmyeg==",
      "dependencies": {
        "@frontity/hooks": "^2.1.1",
        "@frontity/router": "^1.1.4",
        "@frontity/source": "^1.5.1",
        "frontity": "^1.14.1"
      }
    },
    "node_modules/@frontity/error": {
      "version": "0.1.3",
      "license": "Apache-2.0"
    },
    "node_modules/@frontity/head-tags": {
      "version": "1.1.1",
      "resolved": "https://registry.npmjs.org/@frontity/head-tags/-/head-tags-1.1.1.tgz",
      "integrity": "sha512-62c8QmYS6pk3fwCEOaw76uwIcPMhUvhO88/W37hCHDDyEVfYLC7PvU7LWIm54qgBeO6AXgscorgV0Og7/MYmJA==",
      "dependencies": {
        "@frontity/router": "^1.1.4",
        "@frontity/source": "^1.5.1",
        "frontity": "^1.14.1"
      }
    },
    "node_modules/@frontity/hooks": {
      "version": "2.1.1",
      "resolved": "https://registry.npmjs.org/@frontity/hooks/-/hooks-2.1.1.tgz",
      "integrity": "sha512-inmZuhz8rbNFQJIJ0ygOjuCHgUYX37b8lF3jFHyjKl0bB49CWKnwOFXSlc3l8vj6nCIezcB4A3uvNe9M1wxEjQ==",
      "dependencies": {
        "react-intersection-observer": "^8.26.2"
      }
    },
    "node_modules/@frontity/html2react": {
      "version": "1.6.1",
      "resolved": "https://registry.npmjs.org/@frontity/html2react/-/html2react-1.6.1.tgz",
      "integrity": "sha512-bRmCacdY5HFCcHezEz4PPY+ZZ0zha4kL8u9628bLUp2c7FmXV7K/rhyrmBtdL/REPlsI+cdInYk+3AamTnK3Og==",
      "dependencies": {
        "@frontity/components": "^1.7.1",
        "frontity": "^1.14.1",
        "himalaya": "^1.1.0"
      }
    },
    "node_modules/@frontity/router": {
      "version": "1.1.4",
      "resolved": "https://registry.npmjs.org/@frontity/router/-/router-1.1.4.tgz",
      "integrity": "sha512-WmDNqK8nak7CSsMz2FnD2MRQ6PxizUhOvf6WuajtJZJ1QqxlcCoUg0qpMggaC4+GSfmZi4egCnB4hfukbQnKNw==",
      "dependencies": {
        "frontity": "^1.14.1"
      }
    },
    "node_modules/@frontity/source": {
      "version": "1.5.1",
      "resolved": "https://registry.npmjs.org/@frontity/source/-/source-1.5.1.tgz",
      "integrity": "sha512-L5vJpf310sPVBINGuVh4H7+wIYzF3aHg/LD438D9ogra1szhJ7FbhFKRxEugOxa5WuzM0WMfDiw8MH3leo0nSQ==",
      "dependencies": {
        "frontity": "^1.14.1"
      }
    },
    "node_modules/@frontity/type-declarations": {
      "version": "1.1.1",
      "license": "Apache-2.0"
    },
    "node_modules/@frontity/types": {
      "version": "1.7.1",
      "license": "Apache-2.0",
      "dependencies": {
        "@types/koa": "^2.11.6",
        "ts-essentials": "^6.0.0"
      }
    },
    "node_modules/@frontity/wp-source": {
      "version": "1.11.1",
      "resolved": "https://registry.npmjs.org/@frontity/wp-source/-/wp-source-1.11.1.tgz",
      "integrity": "sha512-cSWukmwTY3WzrMwo7M/eAX6w9OTpKBE6Xoalg4RU6G+WGf/BzQeFxOJvFKF5n9YePlPq+C2wnUl/i2Pr+PqY2Q==",
      "dependencies": {
        "@frontity/source": "^1.5.1",
        "frontity": "^1.14.1",
        "normalizr": "^3.3.0",
        "path-to-regexp": "^3.0.0",
        "query-string": "^6.8.3"
      }
    },
    "node_modules/@frontity/yoast": {
      "version": "2.1.1",
      "resolved": "https://registry.npmjs.org/@frontity/yoast/-/yoast-2.1.1.tgz",
      "integrity": "sha512-Qi4X6smrzZo81EK82hVvcdOqI3GNd0dpUWzJUY7P9DIfW2XXRT1P6nMfQSMuaazj8rmCjfzRaUqoX8Wpap3REg==",
      "dependencies": {
        "@frontity/head-tags": "^1.1.1",
        "@frontity/html2react": "^1.6.1",
        "@frontity/router": "^1.1.4",
        "@frontity/source": "^1.5.1",
        "@frontity/wp-source": "^1.11.1",
        "frontity": "^1.14.1"
      }
    },
    "node_modules/ansi-escapes": {
      "version": "4.3.1",
      "license": "MIT",
      "dependencies": {
        "type-fest": "^0.11.0"
      },
      "engines": {
        "node": ">=8"
      },
      "funding": {
        "url": "https://github.com/sponsors/sindresorhus"
      }
    },
    "node_modules/ansi-regex": {
      "version": "5.0.0",
      "license": "MIT",
      "engines": {
        "node": ">=8"
      }
    },
    "node_modules/chownr": {
      "version": "2.0.0",
      "license": "ISC",
      "engines": {
        "node": ">=10"
      }
    },
    "node_modules/cli-cursor": {
      "version": "3.1.0",
      "license": "MIT",
      "dependencies": {
        "restore-cursor": "^3.1.0"
      },
      "engines": {
        "node": ">=8"
      }
    },
    "node_modules/cli-width": {
      "version": "3.0.0",
      "license": "ISC",
      "engines": {
        "node": ">= 10"
      }
    },
    "node_modules/commander": {
      "version": "6.2.1",
      "license": "MIT",
      "engines": {
        "node": ">= 6"
      }
    },
    "node_modules/csstype": {
      "version": "3.0.6",
      "license": "MIT"
    },
    "node_modules/decode-uri-component": {
      "version": "0.2.0",
      "resolved": "https://registry.npmjs.org/decode-uri-component/-/decode-uri-component-0.2.0.tgz",
      "integrity": "sha1-6zkTMzRYd1y4TNGh+uBiEGu4dUU=",
      "engines": {
        "node": ">=0.10"
      }
    },
    "node_modules/figures": {
      "version": "3.2.0",
      "license": "MIT",
      "dependencies": {
        "escape-string-regexp": "^1.0.5"
      },
      "engines": {
        "node": ">=8"
      },
      "funding": {
        "url": "https://github.com/sponsors/sindresorhus"
      }
    },
    "node_modules/filter-obj": {
      "version": "1.1.0",
      "resolved": "https://registry.npmjs.org/filter-obj/-/filter-obj-1.1.0.tgz",
      "integrity": "sha1-mzERErxsYSehbgFsbF1/GeCAXFs=",
      "engines": {
        "node": ">=0.10.0"
      }
    },
    "node_modules/frontity": {
      "version": "1.14.1",
      "license": "Apache-2.0",
      "dependencies": {
        "@emotion/react": "^11.1.4",
        "@emotion/styled": "^11.0.0",
        "@frontity/error": "^0.1.3",
        "@frontity/type-declarations": "^1.1.1",
        "@frontity/types": "^1.7.1",
        "@loadable/component": "^5.14.1",
        "chalk": "^4.1.0",
        "clipboardy": "^2.3.0",
        "commander": "^6.2.0",
        "detect-port-alt": "^1.1.6",
        "dotenv": "^8.2.0",
        "envinfo": "^7.7.3",
        "fs-extra": "^9.0.1",
        "get-value": "^3.0.1",
        "he": "^1.2.0",
        "inquirer": "^7.3.3",
        "is-root": "^2.1.0",
        "leven": "^3.1.0",
        "node-fetch": "^2.6.1",
        "ora": "^5.1.0",
        "ramda": "^0.27.1",
        "react-helmet-async": "1.0.7",
        "simple-entity-decode": "^0.0.3",
        "tar": "^6.0.5",
        "typed-emitter": "^1.3.1",
        "typescript": "^4.1.3"
      },
      "bin": {
        "frontity": "dist/src/cli/index.js"
      },
      "peerDependencies": {
        "@frontity/core": "^1.9.1"
      }
    },
    "node_modules/fs-extra": {
      "version": "9.1.0",
      "license": "MIT",
      "dependencies": {
        "at-least-node": "^1.0.0",
        "graceful-fs": "^4.2.0",
        "jsonfile": "^6.0.1",
        "universalify": "^2.0.0"
      },
      "engines": {
        "node": ">=10"
      }
    },
    "node_modules/fs-minipass": {
      "version": "2.1.0",
      "license": "ISC",
      "dependencies": {
        "minipass": "^3.0.0"
      },
      "engines": {
        "node": ">= 8"
      }
    },
    "node_modules/get-value": {
      "version": "3.0.1",
      "license": "MIT",
      "dependencies": {
        "isobject": "^3.0.1"
      },
      "engines": {
        "node": ">=6.0"
      }
    },
    "node_modules/himalaya": {
      "version": "1.1.0",
      "resolved": "https://registry.npmjs.org/himalaya/-/himalaya-1.1.0.tgz",
      "integrity": "sha512-LLase1dHCRMel68/HZTFft0N0wti0epHr3nNY7ynpLbyZpmrKMQ8YIpiOV77TM97cNpC8Wb2n6f66IRggwdWPw=="
    },
    "node_modules/inquirer": {
      "version": "7.3.3",
      "license": "MIT",
      "dependencies": {
        "ansi-escapes": "^4.2.1",
        "chalk": "^4.1.0",
        "cli-cursor": "^3.1.0",
        "cli-width": "^3.0.0",
        "external-editor": "^3.0.3",
        "figures": "^3.0.0",
        "lodash": "^4.17.19",
        "mute-stream": "0.0.8",
        "run-async": "^2.4.0",
        "rxjs": "^6.6.0",
        "string-width": "^4.1.0",
        "strip-ansi": "^6.0.0",
        "through": "^2.3.6"
      },
      "engines": {
        "node": ">=8.0.0"
      }
    },
    "node_modules/invariant": {
      "version": "2.2.4",
      "resolved": "https://registry.npmjs.org/invariant/-/invariant-2.2.4.tgz",
      "integrity": "sha512-phJfQVBuaJM5raOpJjSfkiD6BpbCE4Ns//LaXl6wGYtUBY83nWS6Rf9tXm2e8VaK60JEjYldbPif/A2B1C2gNA==",
      "dependencies": {
        "loose-envify": "^1.0.0"
      }
    },
    "node_modules/is-fullwidth-code-point": {
      "version": "3.0.0",
      "license": "MIT",
      "engines": {
        "node": ">=8"
      }
    },
    "node_modules/js-tokens": {
      "version": "4.0.0",
      "resolved": "https://registry.npmjs.org/js-tokens/-/js-tokens-4.0.0.tgz",
      "integrity": "sha512-RdJUflcE3cUzKiMqQgsCu06FPu9UdIJO0beYbPhHN4k6apgJtifcoCtT9bcxOpYBtpD2kCM6Sbzg4CausW/PKQ=="
    },
    "node_modules/jsonfile": {
      "version": "6.1.0",
      "license": "MIT",
      "dependencies": {
        "universalify": "^2.0.0"
      },
      "optionalDependencies": {
        "graceful-fs": "^4.1.6"
      }
    },
    "node_modules/log-symbols": {
      "version": "4.0.0",
      "license": "MIT",
      "dependencies": {
        "chalk": "^4.0.0"
      },
      "engines": {
        "node": ">=10"
      }
    },
    "node_modules/loose-envify": {
      "version": "1.4.0",
      "resolved": "https://registry.npmjs.org/loose-envify/-/loose-envify-1.4.0.tgz",
      "integrity": "sha512-lyuxPGr/Wfhrlem2CL/UcnUc1zcqKAImBDzukY7Y5F/yQiNdko6+fRLevlw1HgMySw7f611UIY408EtxRSoK3Q==",
      "dependencies": {
        "js-tokens": "^3.0.0 || ^4.0.0"
      },
      "bin": {
        "loose-envify": "cli.js"
      }
    },
    "node_modules/mimic-fn": {
      "version": "2.1.0",
      "license": "MIT",
      "engines": {
        "node": ">=6"
      }
    },
    "node_modules/minipass": {
      "version": "3.1.3",
      "license": "ISC",
      "dependencies": {
        "yallist": "^4.0.0"
      },
      "engines": {
        "node": ">=8"
      }
    },
    "node_modules/minizlib": {
      "version": "2.1.2",
      "license": "MIT",
      "dependencies": {
        "minipass": "^3.0.0",
        "yallist": "^4.0.0"
      },
      "engines": {
        "node": ">= 8"
      }
    },
    "node_modules/mkdirp": {
      "version": "1.0.4",
      "license": "MIT",
      "bin": {
        "mkdirp": "bin/cmd.js"
      },
      "engines": {
        "node": ">=10"
      }
    },
    "node_modules/mute-stream": {
      "version": "0.0.8",
      "license": "ISC"
    },
    "node_modules/normalizr": {
      "version": "3.6.1",
      "resolved": "https://registry.npmjs.org/normalizr/-/normalizr-3.6.1.tgz",
      "integrity": "sha512-8iEmqXmPtll8PwbEFrbPoDxVw7MKnNvt3PZzR2Xvq9nggEEOgBlNICPXYzyZ4w4AkHUzCU998mdatER3n2VaMA=="
    },
    "node_modules/object-assign": {
      "version": "4.1.1",
      "resolved": "https://registry.npmjs.org/object-assign/-/object-assign-4.1.1.tgz",
      "integrity": "sha1-IQmtx5ZYh8/AXLvUQsrIv7s2CGM=",
      "engines": {
        "node": ">=0.10.0"
      }
    },
    "node_modules/onetime": {
      "version": "5.1.2",
      "license": "MIT",
      "dependencies": {
        "mimic-fn": "^2.1.0"
      },
      "engines": {
        "node": ">=6"
      },
      "funding": {
        "url": "https://github.com/sponsors/sindresorhus"
      }
    },
    "node_modules/ora": {
      "version": "5.3.0",
      "license": "MIT",
      "dependencies": {
        "bl": "^4.0.3",
        "chalk": "^4.1.0",
        "cli-cursor": "^3.1.0",
        "cli-spinners": "^2.5.0",
        "is-interactive": "^1.0.0",
        "log-symbols": "^4.0.0",
        "strip-ansi": "^6.0.0",
        "wcwidth": "^1.0.1"
      },
      "engines": {
        "node": ">=10"
      },
      "funding": {
        "url": "https://github.com/sponsors/sindresorhus"
      }
    },
    "node_modules/path-to-regexp": {
      "version": "3.2.0",
      "resolved": "https://registry.npmjs.org/path-to-regexp/-/path-to-regexp-3.2.0.tgz",
      "integrity": "sha512-jczvQbCUS7XmS7o+y1aEO9OBVFeZBQ1MDSEqmO7xSoPgOPoowY/SxLpZ6Vh97/8qHZOteiCKb7gkG9gA2ZUxJA=="
    },
    "node_modules/prop-types": {
      "version": "15.7.2",
      "resolved": "https://registry.npmjs.org/prop-types/-/prop-types-15.7.2.tgz",
      "integrity": "sha512-8QQikdH7//R2vurIJSutZ1smHYTcLpRWEOlHnzcWHmBYrOGUysKwSsrC89BCiFj3CbrfJ/nXFdJepOVrY1GCHQ==",
      "dependencies": {
        "loose-envify": "^1.4.0",
        "object-assign": "^4.1.1",
        "react-is": "^16.8.1"
      }
    },
    "node_modules/query-string": {
      "version": "6.14.0",
      "resolved": "https://registry.npmjs.org/query-string/-/query-string-6.14.0.tgz",
      "integrity": "sha512-In3o+lUxlgejoVJgwEdYtdxrmlL0cQWJXj0+kkI7RWVo7hg5AhFtybeKlC9Dpgbr8eOC4ydpEh8017WwyfzqVQ==",
      "dependencies": {
        "decode-uri-component": "^0.2.0",
        "filter-obj": "^1.1.0",
        "split-on-first": "^1.0.0",
        "strict-uri-encode": "^2.0.0"
      },
      "engines": {
        "node": ">=6"
      },
      "funding": {
        "url": "https://github.com/sponsors/sindresorhus"
      }
    },
    "node_modules/ramda": {
      "version": "0.27.1",
      "license": "MIT"
    },
    "node_modules/react": {
      "version": "16.14.0",
      "resolved": "https://registry.npmjs.org/react/-/react-16.14.0.tgz",
      "integrity": "sha512-0X2CImDkJGApiAlcf0ODKIneSwBPhqJawOa5wCtKbu7ZECrmS26NvtSILynQ66cgkT/RJ4LidJOc3bUESwmU8g==",
      "peer": true,
      "dependencies": {
        "loose-envify": "^1.1.0",
        "object-assign": "^4.1.1",
        "prop-types": "^15.6.2"
      },
      "engines": {
        "node": ">=0.10.0"
      }
    },
    "node_modules/react-dom": {
      "version": "16.14.0",
      "resolved": "https://registry.npmjs.org/react-dom/-/react-dom-16.14.0.tgz",
      "integrity": "sha512-1gCeQXDLoIqMgqD3IO2Ah9bnf0w9kzhwN5q4FGnHZ67hBm9yePzB5JJAIQCc8x3pFnNlwFq4RidZggNAAkzWWw==",
      "peer": true,
      "dependencies": {
        "loose-envify": "^1.1.0",
        "object-assign": "^4.1.1",
        "prop-types": "^15.6.2",
        "scheduler": "^0.19.1"
      },
      "peerDependencies": {
        "react": "^16.14.0"
      }
    },
    "node_modules/react-fast-compare": {
      "version": "3.2.0",
      "license": "MIT"
    },
    "node_modules/react-helmet-async": {
      "version": "1.0.7",
      "license": "Apache-2.0",
      "dependencies": {
        "@babel/runtime": "^7.11.2",
        "invariant": "^2.2.4",
        "prop-types": "^15.7.2",
        "react-fast-compare": "^3.2.0",
        "shallowequal": "^1.1.0"
      },
      "peerDependencies": {
        "react": "^16.6.0",
        "react-dom": "^16.6.0"
      }
    },
    "node_modules/react-intersection-observer": {
      "version": "8.31.0",
      "resolved": "https://registry.npmjs.org/react-intersection-observer/-/react-intersection-observer-8.31.0.tgz",
      "integrity": "sha512-XraIC/tkrD9JtrmVA7ypEN1QIpKc52mXBH1u/bz/aicRLo8QQEJQAMUTb8mz4B6dqpPwyzgjrr7Ljv/2ACDtqw==",
      "peerDependencies": {
        "react": "^15.0.0 || ^16.0.0 || ^17.0.0|| ^18.0.0"
      }
    },
    "node_modules/react-is": {
      "version": "16.13.1",
      "resolved": "https://registry.npmjs.org/react-is/-/react-is-16.13.1.tgz",
      "integrity": "sha512-24e6ynE2H+OKt4kqsOvNd8kBpV65zoxbA4BVsEOB3ARVWQki/DHzaUoC5KuON/BiccDaCCTZBuOcfZs70kR8bQ=="
    },
    "node_modules/regenerator-runtime": {
      "version": "0.13.7",
      "resolved": "https://registry.npmjs.org/regenerator-runtime/-/regenerator-runtime-0.13.7.tgz",
      "integrity": "sha512-a54FxoJDIr27pgf7IgeQGxmqUNYrcV338lf/6gH456HZ/PhX+5BcwHXG9ajESmwe6WRO0tAzRUrRmNONWgkrew=="
    },
    "node_modules/restore-cursor": {
      "version": "3.1.0",
      "license": "MIT",
      "dependencies": {
        "onetime": "^5.1.0",
        "signal-exit": "^3.0.2"
      },
      "engines": {
        "node": ">=8"
      }
    },
    "node_modules/scheduler": {
      "version": "0.19.1",
      "resolved": "https://registry.npmjs.org/scheduler/-/scheduler-0.19.1.tgz",
      "integrity": "sha512-n/zwRWRYSUj0/3g/otKDRPMh6qv2SYMWNq85IEa8iZyAv8od9zDYpGSnpBEjNgcMNq6Scbu5KfIPxNF72R/2EA==",
      "peer": true,
      "dependencies": {
        "loose-envify": "^1.1.0",
        "object-assign": "^4.1.1"
      }
    },
    "node_modules/shallowequal": {
      "version": "1.1.0",
      "resolved": "https://registry.npmjs.org/shallowequal/-/shallowequal-1.1.0.tgz",
      "integrity": "sha512-y0m1JoUZSlPAjXVtPPW70aZWfIL/dSP7AFkRnniLCrK/8MDKog3TySTBmckD+RObVxH0v4Tox67+F14PdED2oQ=="
    },
    "node_modules/split-on-first": {
      "version": "1.1.0",
      "resolved": "https://registry.npmjs.org/split-on-first/-/split-on-first-1.1.0.tgz",
      "integrity": "sha512-43ZssAJaMusuKWL8sKUBQXHWOpq8d6CfN/u1p4gUzfJkM05C8rxTmYrkIPTXapZpORA6LkkzcUulJ8FqA7Uudw==",
      "engines": {
        "node": ">=6"
      }
    },
    "node_modules/strict-uri-encode": {
      "version": "2.0.0",
      "resolved": "https://registry.npmjs.org/strict-uri-encode/-/strict-uri-encode-2.0.0.tgz",
      "integrity": "sha1-ucczDHBChi9rFC3CdLvMWGbONUY=",
      "engines": {
        "node": ">=4"
      }
    },
    "node_modules/string-width": {
      "version": "4.2.0",
      "license": "MIT",
      "dependencies": {
        "emoji-regex": "^8.0.0",
        "is-fullwidth-code-point": "^3.0.0",
        "strip-ansi": "^6.0.0"
      },
      "engines": {
        "node": ">=8"
      }
    },
    "node_modules/strip-ansi": {
      "version": "6.0.0",
      "license": "MIT",
      "dependencies": {
        "ansi-regex": "^5.0.0"
      },
      "engines": {
        "node": ">=8"
      }
    },
    "node_modules/tar": {
      "version": "6.1.0",
      "license": "ISC",
      "dependencies": {
        "chownr": "^2.0.0",
        "fs-minipass": "^2.0.0",
        "minipass": "^3.0.0",
        "minizlib": "^2.1.1",
        "mkdirp": "^1.0.3",
        "yallist": "^4.0.0"
      },
      "engines": {
        "node": ">= 10"
      }
    },
    "node_modules/typed-emitter": {
      "version": "1.3.1",
      "license": "MIT"
    },
    "node_modules/universalify": {
      "version": "2.0.0",
      "license": "MIT",
      "engines": {
        "node": ">= 10.0.0"
      }
    },
    "node_modules/yallist": {
      "version": "4.0.0",
      "license": "ISC"
    }
  },
  "dependencies": {
    "@babel/runtime": {
      "version": "7.12.18",
      "resolved": "https://registry.npmjs.org/@babel/runtime/-/runtime-7.12.18.tgz",
      "integrity": "sha512-BogPQ7ciE6SYAUPtlm9tWbgI9+2AgqSam6QivMgXgAT+fKbgppaj4ZX15MHeLC1PVF5sNk70huBu20XxWOs8Cg==",
      "requires": {
        "regenerator-runtime": "^0.13.4"
      }
    },
    "@emotion/is-prop-valid": {
      "version": "1.0.0",
      "requires": {
        "@emotion/memoize": "^0.7.4"
      }
    },
    "@emotion/serialize": {
      "version": "1.0.0",
      "requires": {
        "@emotion/hash": "^0.8.0",
        "@emotion/memoize": "^0.7.4",
        "@emotion/unitless": "^0.7.5",
        "@emotion/utils": "^1.0.0",
        "csstype": "^3.0.2"
      }
    },
    "@emotion/styled": {
      "version": "11.0.0",
      "requires": {
        "@babel/runtime": "^7.7.2",
        "@emotion/babel-plugin": "^11.0.0",
        "@emotion/is-prop-valid": "^1.0.0",
        "@emotion/serialize": "^1.0.0",
        "@emotion/utils": "^1.0.0"
      }
    },
    "@emotion/utils": {
      "version": "1.0.0"
    },
    "@frontity/components": {
      "version": "1.7.1",
      "resolved": "https://registry.npmjs.org/@frontity/components/-/components-1.7.1.tgz",
      "integrity": "sha512-TNr4NM8CHydGY8cSjTsw9oLR3uVLFHOamMLFVZBg5E0PHdtfkm+F1D4kNg/yq5Zpgc49yflJQ07WtYh38zmyeg==",
      "requires": {
        "@frontity/hooks": "^2.1.1",
        "@frontity/router": "^1.1.4",
        "@frontity/source": "^1.5.1",
        "frontity": "^1.14.1"
      }
    },
    "@frontity/error": {
      "version": "0.1.3"
    },
    "@frontity/head-tags": {
      "version": "1.1.1",
      "resolved": "https://registry.npmjs.org/@frontity/head-tags/-/head-tags-1.1.1.tgz",
      "integrity": "sha512-62c8QmYS6pk3fwCEOaw76uwIcPMhUvhO88/W37hCHDDyEVfYLC7PvU7LWIm54qgBeO6AXgscorgV0Og7/MYmJA==",
      "requires": {
        "@frontity/router": "^1.1.4",
        "@frontity/source": "^1.5.1",
        "frontity": "^1.14.1"
      }
    },
    "@frontity/hooks": {
      "version": "2.1.1",
      "resolved": "https://registry.npmjs.org/@frontity/hooks/-/hooks-2.1.1.tgz",
      "integrity": "sha512-inmZuhz8rbNFQJIJ0ygOjuCHgUYX37b8lF3jFHyjKl0bB49CWKnwOFXSlc3l8vj6nCIezcB4A3uvNe9M1wxEjQ==",
      "requires": {
        "react-intersection-observer": "^8.26.2"
      }
    },
    "@frontity/html2react": {
      "version": "1.6.1",
      "resolved": "https://registry.npmjs.org/@frontity/html2react/-/html2react-1.6.1.tgz",
      "integrity": "sha512-bRmCacdY5HFCcHezEz4PPY+ZZ0zha4kL8u9628bLUp2c7FmXV7K/rhyrmBtdL/REPlsI+cdInYk+3AamTnK3Og==",
      "requires": {
        "@frontity/components": "^1.7.1",
        "frontity": "^1.14.1",
        "himalaya": "^1.1.0"
      }
    },
    "@frontity/router": {
      "version": "1.1.4",
      "resolved": "https://registry.npmjs.org/@frontity/router/-/router-1.1.4.tgz",
      "integrity": "sha512-WmDNqK8nak7CSsMz2FnD2MRQ6PxizUhOvf6WuajtJZJ1QqxlcCoUg0qpMggaC4+GSfmZi4egCnB4hfukbQnKNw==",
      "requires": {
        "frontity": "^1.14.1"
      }
    },
    "@frontity/source": {
      "version": "1.5.1",
      "resolved": "https://registry.npmjs.org/@frontity/source/-/source-1.5.1.tgz",
      "integrity": "sha512-L5vJpf310sPVBINGuVh4H7+wIYzF3aHg/LD438D9ogra1szhJ7FbhFKRxEugOxa5WuzM0WMfDiw8MH3leo0nSQ==",
      "requires": {
        "frontity": "^1.14.1"
      }
    },
    "@frontity/type-declarations": {
      "version": "1.1.1"
    },
    "@frontity/types": {
      "version": "1.7.1",
      "requires": {
        "@types/koa": "^2.11.6",
        "ts-essentials": "^6.0.0"
      }
    },
    "@frontity/wp-source": {
      "version": "1.11.1",
      "resolved": "https://registry.npmjs.org/@frontity/wp-source/-/wp-source-1.11.1.tgz",
      "integrity": "sha512-cSWukmwTY3WzrMwo7M/eAX6w9OTpKBE6Xoalg4RU6G+WGf/BzQeFxOJvFKF5n9YePlPq+C2wnUl/i2Pr+PqY2Q==",
      "requires": {
        "@frontity/source": "^1.5.1",
        "frontity": "^1.14.1",
        "normalizr": "^3.3.0",
        "path-to-regexp": "^3.0.0",
        "query-string": "^6.8.3"
      }
    },
    "@frontity/yoast": {
      "version": "2.1.1",
      "resolved": "https://registry.npmjs.org/@frontity/yoast/-/yoast-2.1.1.tgz",
      "integrity": "sha512-Qi4X6smrzZo81EK82hVvcdOqI3GNd0dpUWzJUY7P9DIfW2XXRT1P6nMfQSMuaazj8rmCjfzRaUqoX8Wpap3REg==",
      "requires": {
        "@frontity/head-tags": "^1.1.1",
        "@frontity/html2react": "^1.6.1",
        "@frontity/router": "^1.1.4",
        "@frontity/source": "^1.5.1",
        "@frontity/wp-source": "^1.11.1",
        "frontity": "^1.14.1"
      }
    },
    "ansi-escapes": {
      "version": "4.3.1",
      "requires": {
        "type-fest": "^0.11.0"
      }
    },
    "ansi-regex": {
      "version": "5.0.0"
    },
    "chownr": {
      "version": "2.0.0"
    },
    "cli-cursor": {
      "version": "3.1.0",
      "requires": {
        "restore-cursor": "^3.1.0"
      }
    },
    "cli-width": {
      "version": "3.0.0"
    },
    "commander": {
      "version": "6.2.1"
    },
    "csstype": {
      "version": "3.0.6"
    },
    "decode-uri-component": {
      "version": "0.2.0",
      "resolved": "https://registry.npmjs.org/decode-uri-component/-/decode-uri-component-0.2.0.tgz",
      "integrity": "sha1-6zkTMzRYd1y4TNGh+uBiEGu4dUU="
    },
    "figures": {
      "version": "3.2.0",
      "requires": {
        "escape-string-regexp": "^1.0.5"
      }
    },
    "filter-obj": {
      "version": "1.1.0",
      "resolved": "https://registry.npmjs.org/filter-obj/-/filter-obj-1.1.0.tgz",
      "integrity": "sha1-mzERErxsYSehbgFsbF1/GeCAXFs="
    },
    "frontity": {
      "version": "1.14.1",
      "requires": {
        "@emotion/react": "^11.1.4",
        "@emotion/styled": "^11.0.0",
        "@frontity/error": "^0.1.3",
        "@frontity/type-declarations": "^1.1.1",
        "@frontity/types": "^1.7.1",
        "@loadable/component": "^5.14.1",
        "chalk": "^4.1.0",
        "clipboardy": "^2.3.0",
        "commander": "^6.2.0",
        "detect-port-alt": "^1.1.6",
        "dotenv": "^8.2.0",
        "envinfo": "^7.7.3",
        "fs-extra": "^9.0.1",
        "get-value": "^3.0.1",
        "he": "^1.2.0",
        "inquirer": "^7.3.3",
        "is-root": "^2.1.0",
        "leven": "^3.1.0",
        "node-fetch": "^2.6.1",
        "ora": "^5.1.0",
        "ramda": "^0.27.1",
        "react-helmet-async": "1.0.7",
        "simple-entity-decode": "^0.0.3",
        "tar": "^6.0.5",
        "typed-emitter": "^1.3.1",
        "typescript": "^4.1.3"
      }
    },
    "fs-extra": {
      "version": "9.1.0",
      "requires": {
        "at-least-node": "^1.0.0",
        "graceful-fs": "^4.2.0",
        "jsonfile": "^6.0.1",
        "universalify": "^2.0.0"
      }
    },
    "fs-minipass": {
      "version": "2.1.0",
      "requires": {
        "minipass": "^3.0.0"
      }
    },
    "get-value": {
      "version": "3.0.1",
      "requires": {
        "isobject": "^3.0.1"
      }
    },
    "himalaya": {
      "version": "1.1.0",
      "resolved": "https://registry.npmjs.org/himalaya/-/himalaya-1.1.0.tgz",
      "integrity": "sha512-LLase1dHCRMel68/HZTFft0N0wti0epHr3nNY7ynpLbyZpmrKMQ8YIpiOV77TM97cNpC8Wb2n6f66IRggwdWPw=="
    },
    "inquirer": {
      "version": "7.3.3",
      "requires": {
        "ansi-escapes": "^4.2.1",
        "chalk": "^4.1.0",
        "cli-cursor": "^3.1.0",
        "cli-width": "^3.0.0",
        "external-editor": "^3.0.3",
        "figures": "^3.0.0",
        "lodash": "^4.17.19",
        "mute-stream": "0.0.8",
        "run-async": "^2.4.0",
        "rxjs": "^6.6.0",
        "string-width": "^4.1.0",
        "strip-ansi": "^6.0.0",
        "through": "^2.3.6"
      }
    },
    "invariant": {
      "version": "2.2.4",
      "resolved": "https://registry.npmjs.org/invariant/-/invariant-2.2.4.tgz",
      "integrity": "sha512-phJfQVBuaJM5raOpJjSfkiD6BpbCE4Ns//LaXl6wGYtUBY83nWS6Rf9tXm2e8VaK60JEjYldbPif/A2B1C2gNA==",
      "requires": {
        "loose-envify": "^1.0.0"
      }
    },
    "is-fullwidth-code-point": {
      "version": "3.0.0"
    },
    "js-tokens": {
      "version": "4.0.0",
      "resolved": "https://registry.npmjs.org/js-tokens/-/js-tokens-4.0.0.tgz",
      "integrity": "sha512-RdJUflcE3cUzKiMqQgsCu06FPu9UdIJO0beYbPhHN4k6apgJtifcoCtT9bcxOpYBtpD2kCM6Sbzg4CausW/PKQ=="
    },
    "jsonfile": {
      "version": "6.1.0",
      "requires": {
        "graceful-fs": "^4.1.6",
        "universalify": "^2.0.0"
      }
    },
    "log-symbols": {
      "version": "4.0.0",
      "requires": {
        "chalk": "^4.0.0"
      }
    },
    "loose-envify": {
      "version": "1.4.0",
      "resolved": "https://registry.npmjs.org/loose-envify/-/loose-envify-1.4.0.tgz",
      "integrity": "sha512-lyuxPGr/Wfhrlem2CL/UcnUc1zcqKAImBDzukY7Y5F/yQiNdko6+fRLevlw1HgMySw7f611UIY408EtxRSoK3Q==",
      "requires": {
        "js-tokens": "^3.0.0 || ^4.0.0"
      }
    },
    "mimic-fn": {
      "version": "2.1.0"
    },
    "minipass": {
      "version": "3.1.3",
      "requires": {
        "yallist": "^4.0.0"
      }
    },
    "minizlib": {
      "version": "2.1.2",
      "requires": {
        "minipass": "^3.0.0",
        "yallist": "^4.0.0"
      }
    },
    "mkdirp": {
      "version": "1.0.4"
    },
    "mute-stream": {
      "version": "0.0.8"
    },
    "normalizr": {
      "version": "3.6.1",
      "resolved": "https://registry.npmjs.org/normalizr/-/normalizr-3.6.1.tgz",
      "integrity": "sha512-8iEmqXmPtll8PwbEFrbPoDxVw7MKnNvt3PZzR2Xvq9nggEEOgBlNICPXYzyZ4w4AkHUzCU998mdatER3n2VaMA=="
    },
    "object-assign": {
      "version": "4.1.1",
      "resolved": "https://registry.npmjs.org/object-assign/-/object-assign-4.1.1.tgz",
      "integrity": "sha1-IQmtx5ZYh8/AXLvUQsrIv7s2CGM="
    },
    "onetime": {
      "version": "5.1.2",
      "requires": {
        "mimic-fn": "^2.1.0"
      }
    },
    "ora": {
      "version": "5.3.0",
      "requires": {
        "bl": "^4.0.3",
        "chalk": "^4.1.0",
        "cli-cursor": "^3.1.0",
        "cli-spinners": "^2.5.0",
        "is-interactive": "^1.0.0",
        "log-symbols": "^4.0.0",
        "strip-ansi": "^6.0.0",
        "wcwidth": "^1.0.1"
      }
    },
    "path-to-regexp": {
      "version": "3.2.0",
      "resolved": "https://registry.npmjs.org/path-to-regexp/-/path-to-regexp-3.2.0.tgz",
      "integrity": "sha512-jczvQbCUS7XmS7o+y1aEO9OBVFeZBQ1MDSEqmO7xSoPgOPoowY/SxLpZ6Vh97/8qHZOteiCKb7gkG9gA2ZUxJA=="
    },
    "prop-types": {
      "version": "15.7.2",
      "resolved": "https://registry.npmjs.org/prop-types/-/prop-types-15.7.2.tgz",
      "integrity": "sha512-8QQikdH7//R2vurIJSutZ1smHYTcLpRWEOlHnzcWHmBYrOGUysKwSsrC89BCiFj3CbrfJ/nXFdJepOVrY1GCHQ==",
      "requires": {
        "loose-envify": "^1.4.0",
        "object-assign": "^4.1.1",
        "react-is": "^16.8.1"
      }
    },
    "query-string": {
      "version": "6.14.0",
      "resolved": "https://registry.npmjs.org/query-string/-/query-string-6.14.0.tgz",
      "integrity": "sha512-In3o+lUxlgejoVJgwEdYtdxrmlL0cQWJXj0+kkI7RWVo7hg5AhFtybeKlC9Dpgbr8eOC4ydpEh8017WwyfzqVQ==",
      "requires": {
        "decode-uri-component": "^0.2.0",
        "filter-obj": "^1.1.0",
        "split-on-first": "^1.0.0",
        "strict-uri-encode": "^2.0.0"
      }
    },
    "ramda": {
      "version": "0.27.1"
    },
    "react": {
      "version": "16.14.0",
      "resolved": "https://registry.npmjs.org/react/-/react-16.14.0.tgz",
      "integrity": "sha512-0X2CImDkJGApiAlcf0ODKIneSwBPhqJawOa5wCtKbu7ZECrmS26NvtSILynQ66cgkT/RJ4LidJOc3bUESwmU8g==",
      "peer": true,
      "requires": {
        "loose-envify": "^1.1.0",
        "object-assign": "^4.1.1",
        "prop-types": "^15.6.2"
      }
    },
    "react-dom": {
      "version": "16.14.0",
      "resolved": "https://registry.npmjs.org/react-dom/-/react-dom-16.14.0.tgz",
      "integrity": "sha512-1gCeQXDLoIqMgqD3IO2Ah9bnf0w9kzhwN5q4FGnHZ67hBm9yePzB5JJAIQCc8x3pFnNlwFq4RidZggNAAkzWWw==",
      "peer": true,
      "requires": {
        "loose-envify": "^1.1.0",
        "object-assign": "^4.1.1",
        "prop-types": "^15.6.2",
        "scheduler": "^0.19.1"
      }
    },
    "react-fast-compare": {
      "version": "3.2.0"
    },
    "react-helmet-async": {
      "version": "1.0.7",
      "requires": {
        "@babel/runtime": "^7.11.2",
        "invariant": "^2.2.4",
        "prop-types": "^15.7.2",
        "react-fast-compare": "^3.2.0",
        "shallowequal": "^1.1.0"
      }
    },
    "react-intersection-observer": {
      "version": "8.31.0",
      "resolved": "https://registry.npmjs.org/react-intersection-observer/-/react-intersection-observer-8.31.0.tgz",
      "integrity": "sha512-XraIC/tkrD9JtrmVA7ypEN1QIpKc52mXBH1u/bz/aicRLo8QQEJQAMUTb8mz4B6dqpPwyzgjrr7Ljv/2ACDtqw==",
      "requires": {}
    },
    "react-is": {
      "version": "16.13.1",
      "resolved": "https://registry.npmjs.org/react-is/-/react-is-16.13.1.tgz",
      "integrity": "sha512-24e6ynE2H+OKt4kqsOvNd8kBpV65zoxbA4BVsEOB3ARVWQki/DHzaUoC5KuON/BiccDaCCTZBuOcfZs70kR8bQ=="
    },
    "regenerator-runtime": {
      "version": "0.13.7",
      "resolved": "https://registry.npmjs.org/regenerator-runtime/-/regenerator-runtime-0.13.7.tgz",
      "integrity": "sha512-a54FxoJDIr27pgf7IgeQGxmqUNYrcV338lf/6gH456HZ/PhX+5BcwHXG9ajESmwe6WRO0tAzRUrRmNONWgkrew=="
    },
    "restore-cursor": {
      "version": "3.1.0",
      "requires": {
        "onetime": "^5.1.0",
        "signal-exit": "^3.0.2"
      }
    },
    "scheduler": {
      "version": "0.19.1",
      "resolved": "https://registry.npmjs.org/scheduler/-/scheduler-0.19.1.tgz",
      "integrity": "sha512-n/zwRWRYSUj0/3g/otKDRPMh6qv2SYMWNq85IEa8iZyAv8od9zDYpGSnpBEjNgcMNq6Scbu5KfIPxNF72R/2EA==",
      "peer": true,
      "requires": {
        "loose-envify": "^1.1.0",
        "object-assign": "^4.1.1"
      }
    },
    "shallowequal": {
      "version": "1.1.0",
      "resolved": "https://registry.npmjs.org/shallowequal/-/shallowequal-1.1.0.tgz",
      "integrity": "sha512-y0m1JoUZSlPAjXVtPPW70aZWfIL/dSP7AFkRnniLCrK/8MDKog3TySTBmckD+RObVxH0v4Tox67+F14PdED2oQ=="
    },
    "split-on-first": {
      "version": "1.1.0",
      "resolved": "https://registry.npmjs.org/split-on-first/-/split-on-first-1.1.0.tgz",
      "integrity": "sha512-43ZssAJaMusuKWL8sKUBQXHWOpq8d6CfN/u1p4gUzfJkM05C8rxTmYrkIPTXapZpORA6LkkzcUulJ8FqA7Uudw=="
    },
    "strict-uri-encode": {
      "version": "2.0.0",
      "resolved": "https://registry.npmjs.org/strict-uri-encode/-/strict-uri-encode-2.0.0.tgz",
      "integrity": "sha1-ucczDHBChi9rFC3CdLvMWGbONUY="
    },
    "string-width": {
      "version": "4.2.0",
      "requires": {
        "emoji-regex": "^8.0.0",
        "is-fullwidth-code-point": "^3.0.0",
        "strip-ansi": "^6.0.0"
      }
    },
    "strip-ansi": {
      "version": "6.0.0",
      "requires": {
        "ansi-regex": "^5.0.0"
      }
    },
    "tar": {
      "version": "6.1.0",
      "requires": {
        "chownr": "^2.0.0",
        "fs-minipass": "^2.0.0",
        "minipass": "^3.0.0",
        "minizlib": "^2.1.1",
        "mkdirp": "^1.0.3",
        "yallist": "^4.0.0"
      }
    },
    "typed-emitter": {
      "version": "1.3.1"
    },
    "universalify": {
      "version": "2.0.0"
    },
    "yallist": {
      "version": "4.0.0"
    }
  }
}
